{
  "name": "justini",
  "version": "0.0.1",
  "lockfileVersion": 1,
  "requires": true,
  "dependencies": {
    "yr-icons": {
      "version": "0.0.1",
      "resolved": "https://registry.npmjs.org/yr-icons/-/yr-icons-0.0.1.tgz",
      "integrity": "sha512-8Z1IXg2abdJsyJjmTOyIMyjsSFxA8gBdhz46sEHnPRc3rDmY8wdzKu5d22akva+6QqRJs+5xVwt8Gi1jO3pCrA=="
    }
  }
}
