{
  "name": "justini",
  "version": "0.0.2",
  "lockfileVersion": 1,
  "requires": true,
  "dependencies": {
    "yr-icons": {
      "version": "1.0.0",
      "resolved": "https://registry.npmjs.org/yr-icons/-/yr-icons-1.0.0.tgz",
      "integrity": "sha512-w2Wli+dqING6buTwtFd5YK49vNCDUjZ7gOHcMa9+yR/Adu8EDE1yW1BDir1rf0pZwqwaeWMtXxpwJSTy957ipQ=="
    }
  }
}
