{
  "name": "justini",
  "version": "0.0.2",
  "lockfileVersion": 1,
  "requires": true,
  "dependencies": {
    "yr-icons": {
      "version": "0.0.3",
      "resolved": "https://registry.npmjs.org/yr-icons/-/yr-icons-0.0.3.tgz",
      "integrity": "sha512-4G2StqwI/HV3e7+QTLMRVzP1cYIWEjYAYWyAbNbkPtgYzBWLwSVI/SN6/moxUb7tQ+33dPgJcvkO85TyID1JsA=="
    }
  }
}
